
Microsoft Visual Studio Solution File, Format Version 12.00
Project("{FAE04EC0-301F-11D3-BF4B-00C04F79EFBC}") = "KnowledgeOS.Backend", "KnowledgeOS.Backend.csproj", "{9B50B065-0F8D-4ABD-BB50-934BEC5CCBCC}"
EndProject
Project("{FAE04EC0-301F-11D3-BF4B-00C04F79EFBC}") = "KnowledgeOS.Backend.Tests", "..\KnowledgeOS.Backend.Tests\KnowledgeOS.Backend.Tests.csproj", "{E1454D12-856E-4052-87AE-1AD04550967A}"
EndProject
Global
	GlobalSection(SolutionConfigurationPlatforms) = preSolution
		Debug|Any CPU = Debug|Any CPU
		Debug|x64 = Debug|x64
		Debug|x86 = Debug|x86
		Release|Any CPU = Release|Any CPU
		Release|x64 = Release|x64
		Release|x86 = Release|x86
	EndGlobalSection
	GlobalSection(ProjectConfigurationPlatforms) = postSolution
		{9B50B065-0F8D-4ABD-BB50-934BEC5CCBCC}.Debug|Any CPU.ActiveCfg = Debug|Any CPU
		{9B50B065-0F8D-4ABD-BB50-934BEC5CCBCC}.Debug|Any CPU.Build.0 = Debug|Any CPU
		{9B50B065-0F8D-4ABD-BB50-934BEC5CCBCC}.Debug|x64.ActiveCfg = Debug|Any CPU
		{9B50B065-0F8D-4ABD-BB50-934BEC5CCBCC}.Debug|x64.Build.0 = Debug|Any CPU
		{9B50B065-0F8D-4ABD-BB50-934BEC5CCBCC}.Debug|x86.ActiveCfg = Debug|Any CPU
		{9B50B065-0F8D-4ABD-BB50-934BEC5CCBCC}.Debug|x86.Build.0 = Debug|Any CPU
		{9B50B065-0F8D-4ABD-BB50-934BEC5CCBCC}.Release|Any CPU.ActiveCfg = Release|Any CPU
		{9B50B065-0F8D-4ABD-BB50-934BEC5CCBCC}.Release|Any CPU.Build.0 = Release|Any CPU
		{9B50B065-0F8D-4ABD-BB50-934BEC5CCBCC}.Release|x64.ActiveCfg = Release|Any CPU
		{9B50B065-0F8D-4ABD-BB50-934BEC5CCBCC}.Release|x64.Build.0 = Release|Any CPU
		{9B50B065-0F8D-4ABD-BB50-934BEC5CCBCC}.Release|x86.ActiveCfg = Release|Any CPU
		{9B50B065-0F8D-4ABD-BB50-934BEC5CCBCC}.Release|x86.Build.0 = Release|Any CPU
		{E1454D12-856E-4052-87AE-1AD04550967A}.Debug|Any CPU.ActiveCfg = Debug|Any CPU
		{E1454D12-856E-4052-87AE-1AD04550967A}.Debug|Any CPU.Build.0 = Debug|Any CPU
		{E1454D12-856E-4052-87AE-1AD04550967A}.Debug|x64.ActiveCfg = Debug|Any CPU
		{E1454D12-856E-4052-87AE-1AD04550967A}.Debug|x64.Build.0 = Debug|Any CPU
		{E1454D12-856E-4052-87AE-1AD04550967A}.Debug|x86.ActiveCfg = Debug|Any CPU
		{E1454D12-856E-4052-87AE-1AD04550967A}.Debug|x86.Build.0 = Debug|Any CPU
		{E1454D12-856E-4052-87AE-1AD04550967A}.Release|Any CPU.ActiveCfg = Release|Any CPU
		{E1454D12-856E-4052-87AE-1AD04550967A}.Release|Any CPU.Build.0 = Release|Any CPU
		{E1454D12-856E-4052-87AE-1AD04550967A}.Release|x64.ActiveCfg = Release|Any CPU
		{E1454D12-856E-4052-87AE-1AD04550967A}.Release|x64.Build.0 = Release|Any CPU
		{E1454D12-856E-4052-87AE-1AD04550967A}.Release|x86.ActiveCfg = Release|Any CPU
		{E1454D12-856E-4052-87AE-1AD04550967A}.Release|x86.Build.0 = Release|Any CPU
	EndGlobalSection
	GlobalSection(SolutionProperties) = preSolution
		HideSolutionNode = FALSE
	EndGlobalSection
EndGlobal
